// !$*UTF8*$!
{
	archiveVersion = 1;
	classes = {
	};
	objectVersion = 50;
	objects = {

/* Begin PBXBuildFile section */
		054ED3C9221FBF9000FF71C3 /* AppDelegate.swift in Sources */ = {isa = PBXBuildFile; fileRef = 054ED3C8221FBF9000FF71C3 /* AppDelegate.swift */; };
		054ED3CB221FBF9000FF71C3 /* ViewController.swift in Sources */ = {isa = PBXBuildFile; fileRef = 054ED3CA221FBF9000FF71C3 /* ViewController.swift */; };
		054ED3CE221FBF9000FF71C3 /* Main.storyboard in Resources */ = {isa = PBXBuildFile; fileRef = 054ED3CC221FBF9000FF71C3 /* Main.storyboard */; };
		054ED3D0221FBF9300FF71C3 /* Assets.xcassets in Resources */ = {isa = PBXBuildFile; fileRef = 054ED3CF221FBF9300FF71C3 /* Assets.xcassets */; };
		054ED3D3221FBF9300FF71C3 /* LaunchScreen.storyboard in Resources */ = {isa = PBXBuildFile; fileRef = 054ED3D1221FBF9300FF71C3 /* LaunchScreen.storyboard */; };
		054ED3DE221FBF9300FF71C3 /* assignment1flixTests.swift in Sources */ = {isa = PBXBuildFile; fileRef = 054ED3DD221FBF9300FF71C3 /* assignment1flixTests.swift */; };
		054ED3E9221FBF9300FF71C3 /* assignment1flixUITests.swift in Sources */ = {isa = PBXBuildFile; fileRef = 054ED3E8221FBF9300FF71C3 /* assignment1flixUITests.swift */; };
		054ED3F7221FD36C00FF71C3 /* MovieCell.swift in Sources */ = {isa = PBXBuildFile; fileRef = 054ED3F6221FD36C00FF71C3 /* MovieCell.swift */; };
		34C7F3E6003C40FCAA0A5C10 /* Pods_assignment1flix.framework in Frameworks */ = {isa = PBXBuildFile; fileRef = C01A9621E4D3534D3E51F917 /* Pods_assignment1flix.framework */; };
		37B70AD1A3149B5C7D878A8F /* Pods_assignment1flixUITests.framework in Frameworks */ = {isa = PBXBuildFile; fileRef = C4B2451D4050FBC787888140 /* Pods_assignment1flixUITests.framework */; };
		5BF6F7EFB8A0AF335D87FF9E /* Pods_assignment1flixTests.framework in Frameworks */ = {isa = PBXBuildFile; fileRef = 0B3253930312D6E420273594 /* Pods_assignment1flixTests.framework */; };
		A56DCE9A222B489700451AA5 /* MovieDetailsViewController.swift in Sources */ = {isa = PBXBuildFile; fileRef = A56DCE99222B489700451AA5 /* MovieDetailsViewController.swift */; };
		A56DCE9C222BA56C00451AA5 /* MovieGridViewController.swift in Sources */ = {isa = PBXBuildFile; fileRef = A56DCE9B222BA56C00451AA5 /* MovieGridViewController.swift */; };
		A56DCE9E222BB7AE00451AA5 /* MovieGridCell.swift in Sources */ = {isa = PBXBuildFile; fileRef = A56DCE9D222BB7AE00451AA5 /* MovieGridCell.swift */; };
		A56DCEA0222C710F00451AA5 /* MovieCollectionViewController.swift in Sources */ = {isa = PBXBuildFile; fileRef = A56DCE9F222C710F00451AA5 /* MovieCollectionViewController.swift */; };
		A56DCEA2222C850200451AA5 /* movieTrailerViewController.swift in Sources */ = {isa = PBXBuildFile; fileRef = A56DCEA1222C850200451AA5 /* movieTrailerViewController.swift */; };
/* End PBXBuildFile section */

/* Begin PBXContainerItemProxy section */
		054ED3DA221FBF9300FF71C3 /* PBXContainerItemProxy */ = {
			isa = PBXContainerItemProxy;
			containerPortal = 054ED3BD221FBF9000FF71C3 /* Project object */;
			proxyType = 1;
			remoteGlobalIDString = 054ED3C4221FBF9000FF71C3;
			remoteInfo = assignment1flix;
		};
		054ED3E5221FBF9300FF71C3 /* PBXContainerItemProxy */ = {
			isa = PBXContainerItemProxy;
			containerPortal = 054ED3BD221FBF9000FF71C3 /* Project object */;
			proxyType = 1;
			remoteGlobalIDString = 054ED3C4221FBF9000FF71C3;
			remoteInfo = assignment1flix;
		};
/* End PBXContainerItemProxy section */

/* Begin PBXFileReference section */
		054ED3C5221FBF9000FF71C3 /* assignment1flix.app */ = {isa = PBXFileReference; explicitFileType = wrapper.application; includeInIndex = 0; path = assignment1flix.app; sourceTree = BUILT_PRODUCTS_DIR; };
		054ED3C8221FBF9000FF71C3 /* AppDelegate.swift */ = {isa = PBXFileReference; lastKnownFileType = sourcecode.swift; path = AppDelegate.swift; sourceTree = "<group>"; };
		054ED3CA221FBF9000FF71C3 /* ViewController.swift */ = {isa = PBXFileReference; lastKnownFileType = sourcecode.swift; path = ViewController.swift; sourceTree = "<group>"; };
		054ED3CD221FBF9000FF71C3 /* Base */ = {isa = PBXFileReference; lastKnownFileType = file.storyboard; name = Base; path = Base.lproj/Main.storyboard; sourceTree = "<group>"; };
		054ED3CF221FBF9300FF71C3 /* Assets.xcassets */ = {isa = PBXFileReference; lastKnownFileType = folder.assetcatalog; path = Assets.xcassets; sourceTree = "<group>"; };
		054ED3D2221FBF9300FF71C3 /* Base */ = {isa = PBXFileReference; lastKnownFileType = file.storyboard; name = Base; path = Base.lproj/LaunchScreen.storyboard; sourceTree = "<group>"; };
		054ED3D4221FBF9300FF71C3 /* Info.plist */ = {isa = PBXFileReference; lastKnownFileType = text.plist.xml; path = Info.plist; sourceTree = "<group>"; };
		054ED3D9221FBF9300FF71C3 /* assignment1flixTests.xctest */ = {isa = PBXFileReference; explicitFileType = wrapper.cfbundle; includeInIndex = 0; path = assignment1flixTests.xctest; sourceTree = BUILT_PRODUCTS_DIR; };
		054ED3DD221FBF9300FF71C3 /* assignment1flixTests.swift */ = {isa = PBXFileReference; lastKnownFileType = sourcecode.swift; path = assignment1flixTests.swift; sourceTree = "<group>"; };
		054ED3DF221FBF9300FF71C3 /* Info.plist */ = {isa = PBXFileReference; lastKnownFileType = text.plist.xml; path = Info.plist; sourceTree = "<group>"; };
		054ED3E4221FBF9300FF71C3 /* assignment1flixUITests.xctest */ = {isa = PBXFileReference; explicitFileType = wrapper.cfbundle; includeInIndex = 0; path = assignment1flixUITests.xctest; sourceTree = BUILT_PRODUCTS_DIR; };
		054ED3E8221FBF9300FF71C3 /* assignment1flixUITests.swift */ = {isa = PBXFileReference; lastKnownFileType = sourcecode.swift; path = assignment1flixUITests.swift; sourceTree = "<group>"; };
		054ED3EA221FBF9300FF71C3 /* Info.plist */ = {isa = PBXFileReference; lastKnownFileType = text.plist.xml; path = Info.plist; sourceTree = "<group>"; };
		054ED3F6221FD36C00FF71C3 /* MovieCell.swift */ = {isa = PBXFileReference; lastKnownFileType = sourcecode.swift; path = MovieCell.swift; sourceTree = "<group>"; };
		0B3253930312D6E420273594 /* Pods_assignment1flixTests.framework */ = {isa = PBXFileReference; explicitFileType = wrapper.framework; includeInIndex = 0; path = Pods_assignment1flixTests.framework; sourceTree = BUILT_PRODUCTS_DIR; };
		1D96305A95A90CAF58908932 /* Pods-assignment1flixTests.debug.xcconfig */ = {isa = PBXFileReference; includeInIndex = 1; lastKnownFileType = text.xcconfig; name = "Pods-assignment1flixTests.debug.xcconfig"; path = "Target Support Files/Pods-assignment1flixTests/Pods-assignment1flixTests.debug.xcconfig"; sourceTree = "<group>"; };
		4295CFF2D96E91DC7C2E33B2 /* Pods-assignment1flixUITests.debug.xcconfig */ = {isa = PBXFileReference; includeInIndex = 1; lastKnownFileType = text.xcconfig; name = "Pods-assignment1flixUITests.debug.xcconfig"; path = "Target Support Files/Pods-assignment1flixUITests/Pods-assignment1flixUITests.debug.xcconfig"; sourceTree = "<group>"; };
		831C666F619EEE7A051AB955 /* Pods-assignment1flixUITests.release.xcconfig */ = {isa = PBXFileReference; includeInIndex = 1; lastKnownFileType = text.xcconfig; name = "Pods-assignment1flixUITests.release.xcconfig"; path = "Target Support Files/Pods-assignment1flixUITests/Pods-assignment1flixUITests.release.xcconfig"; sourceTree = "<group>"; };
		A56DCE99222B489700451AA5 /* MovieDetailsViewController.swift */ = {isa = PBXFileReference; lastKnownFileType = sourcecode.swift; path = MovieDetailsViewController.swift; sourceTree = "<group>"; };
		A56DCE9B222BA56C00451AA5 /* MovieGridViewController.swift */ = {isa = PBXFileReference; lastKnownFileType = sourcecode.swift; path = MovieGridViewController.swift; sourceTree = "<group>"; };
		A56DCE9D222BB7AE00451AA5 /* MovieGridCell.swift */ = {isa = PBXFileReference; lastKnownFileType = sourcecode.swift; path = MovieGridCell.swift; sourceTree = "<group>"; };
		A56DCE9F222C710F00451AA5 /* MovieCollectionViewController.swift */ = {isa = PBXFileReference; lastKnownFileType = sourcecode.swift; path = MovieCollectionViewController.swift; sourceTree = "<group>"; };
		A56DCEA1222C850200451AA5 /* movieTrailerViewController.swift */ = {isa = PBXFileReference; lastKnownFileType = sourcecode.swift; path = movieTrailerViewController.swift; sourceTree = "<group>"; };
		AAD1E4E59B433D603F16DD9B /* Pods-assignment1flix.release.xcconfig */ = {isa = PBXFileReference; includeInIndex = 1; lastKnownFileType = text.xcconfig; name = "Pods-assignment1flix.release.xcconfig"; path = "Target Support Files/Pods-assignment1flix/Pods-assignment1flix.release.xcconfig"; sourceTree = "<group>"; };
		B125B5AB9DA617E284638938 /* Pods-assignment1flix.debug.xcconfig */ = {isa = PBXFileReference; includeInIndex = 1; lastKnownFileType = text.xcconfig; name = "Pods-assignment1flix.debug.xcconfig"; path = "Target Support Files/Pods-assignment1flix/Pods-assignment1flix.debug.xcconfig"; sourceTree = "<group>"; };
		C01A9621E4D3534D3E51F917 /* Pods_assignment1flix.framework */ = {isa = PBXFileReference; explicitFileType = wrapper.framework; includeInIndex = 0; path = Pods_assignment1flix.framework; sourceTree = BUILT_PRODUCTS_DIR; };
		C4B2451D4050FBC787888140 /* Pods_assignment1flixUITests.framework */ = {isa = PBXFileReference; explicitFileType = wrapper.framework; includeInIndex = 0; path = Pods_assignment1flixUITests.framework; sourceTree = BUILT_PRODUCTS_DIR; };
		FA1E69FB2D2A1D8723F103D0 /* Pods-assignment1flixTests.release.xcconfig */ = {isa = PBXFileReference; includeInIndex = 1; lastKnownFileType = text.xcconfig; name = "Pods-assignment1flixTests.release.xcconfig"; path = "Target Support Files/Pods-assignment1flixTests/Pods-assignment1flixTests.release.xcconfig"; sourceTree = "<group>"; };
/* End PBXFileReference section */

/* Begin PBXFrameworksBuildPhase section */
		054ED3C2221FBF9000FF71C3 /* Frameworks */ = {
			isa = PBXFrameworksBuildPhase;
			buildActionMask = 2147483647;
			files = (
				34C7F3E6003C40FCAA0A5C10 /* Pods_assignment1flix.framework in Frameworks */,
			);
			runOnlyForDeploymentPostprocessing = 0;
		};
		054ED3D6221FBF9300FF71C3 /* Frameworks */ = {
			isa = PBXFrameworksBuildPhase;
			buildActionMask = 2147483647;
			files = (
				5BF6F7EFB8A0AF335D87FF9E /* Pods_assignment1flixTests.framework in Frameworks */,
			);
			runOnlyForDeploymentPostprocessing = 0;
		};
		054ED3E1221FBF9300FF71C3 /* Frameworks */ = {
			isa = PBXFrameworksBuildPhase;
			buildActionMask = 2147483647;
			files = (
				37B70AD1A3149B5C7D878A8F /* Pods_assignment1flixUITests.framework in Frameworks */,
			);
			runOnlyForDeploymentPostprocessing = 0;
		};
/* End PBXFrameworksBuildPhase section */

/* Begin PBXGroup section */
		054ED3BC221FBF9000FF71C3 = {
			isa = PBXGroup;
			children = (
				054ED3C7221FBF9000FF71C3 /* assignment1flix */,
				054ED3DC221FBF9300FF71C3 /* assignment1flixTests */,
				054ED3E7221FBF9300FF71C3 /* assignment1flixUITests */,
				054ED3C6221FBF9000FF71C3 /* Products */,
				0AC74BDA9ACC52FFF935791E /* Pods */,
				EC4F90A9D911C4E43E0534E9 /* Frameworks */,
			);
			sourceTree = "<group>";
		};
		054ED3C6221FBF9000FF71C3 /* Products */ = {
			isa = PBXGroup;
			children = (
				054ED3C5221FBF9000FF71C3 /* assignment1flix.app */,
				054ED3D9221FBF9300FF71C3 /* assignment1flixTests.xctest */,
				054ED3E4221FBF9300FF71C3 /* assignment1flixUITests.xctest */,
			);
			name = Products;
			sourceTree = "<group>";
		};
		054ED3C7221FBF9000FF71C3 /* assignment1flix */ = {
			isa = PBXGroup;
			children = (
				054ED3C8221FBF9000FF71C3 /* AppDelegate.swift */,
				054ED3CA221FBF9000FF71C3 /* ViewController.swift */,
				054ED3CC221FBF9000FF71C3 /* Main.storyboard */,
				A56DCEA1222C850200451AA5 /* movieTrailerViewController.swift */,
				A56DCE9F222C710F00451AA5 /* MovieCollectionViewController.swift */,
				A56DCE9D222BB7AE00451AA5 /* MovieGridCell.swift */,
				A56DCE9B222BA56C00451AA5 /* MovieGridViewController.swift */,
				A56DCE99222B489700451AA5 /* MovieDetailsViewController.swift */,
				054ED3F6221FD36C00FF71C3 /* MovieCell.swift */,
				054ED3CF221FBF9300FF71C3 /* Assets.xcassets */,
				054ED3D1221FBF9300FF71C3 /* LaunchScreen.storyboard */,
				054ED3D4221FBF9300FF71C3 /* Info.plist */,
			);
			path = assignment1flix;
			sourceTree = "<group>";
		};
		054ED3DC221FBF9300FF71C3 /* assignment1flixTests */ = {
			isa = PBXGroup;
			children = (
				054ED3DD221FBF9300FF71C3 /* assignment1flixTests.swift */,
				054ED3DF221FBF9300FF71C3 /* Info.plist */,
			);
			path = assignment1flixTests;
			sourceTree = "<group>";
		};
		054ED3E7221FBF9300FF71C3 /* assignment1flixUITests */ = {
			isa = PBXGroup;
			children = (
				054ED3E8221FBF9300FF71C3 /* assignment1flixUITests.swift */,
				054ED3EA221FBF9300FF71C3 /* Info.plist */,
			);
			path = assignment1flixUITests;
			sourceTree = "<group>";
		};
		0AC74BDA9ACC52FFF935791E /* Pods */ = {
			isa = PBXGroup;
			children = (
				B125B5AB9DA617E284638938 /* Pods-assignment1flix.debug.xcconfig */,
				AAD1E4E59B433D603F16DD9B /* Pods-assignment1flix.release.xcconfig */,
				1D96305A95A90CAF58908932 /* Pods-assignment1flixTests.debug.xcconfig */,
				FA1E69FB2D2A1D8723F103D0 /* Pods-assignment1flixTests.release.xcconfig */,
				4295CFF2D96E91DC7C2E33B2 /* Pods-assignment1flixUITests.debug.xcconfig */,
				831C666F619EEE7A051AB955 /* Pods-assignment1flixUITests.release.xcconfig */,
			);
			path = Pods;
			sourceTree = "<group>";
		};
		EC4F90A9D911C4E43E0534E9 /* Frameworks */ = {
			isa = PBXGroup;
			children = (
				C01A9621E4D3534D3E51F917 /* Pods_assignment1flix.framework */,
				0B3253930312D6E420273594 /* Pods_assignment1flixTests.framework */,
				C4B2451D4050FBC787888140 /* Pods_assignment1flixUITests.framework */,
			);
			name = Frameworks;
			sourceTree = "<group>";
		};
/* End PBXGroup section */

/* Begin PBXNativeTarget section */
		054ED3C4221FBF9000FF71C3 /* assignment1flix */ = {
			isa = PBXNativeTarget;
			buildConfigurationList = 054ED3ED221FBF9300FF71C3 /* Build configuration list for PBXNativeTarget "assignment1flix" */;
			buildPhases = (
				E4A4F1F139CD6A79C68804C9 /* [CP] Check Pods Manifest.lock */,
				054ED3C1221FBF9000FF71C3 /* Sources */,
				054ED3C2221FBF9000FF71C3 /* Frameworks */,
				054ED3C3221FBF9000FF71C3 /* Resources */,
				353CDB7A1A8D8F0CC3366136 /* [CP] Embed Pods Frameworks */,
			);
			buildRules = (
			);
			dependencies = (
			);
			name = assignment1flix;
			productName = assignment1flix;
			productReference = 054ED3C5221FBF9000FF71C3 /* assignment1flix.app */;
			productType = "com.apple.product-type.application";
		};
		054ED3D8221FBF9300FF71C3 /* assignment1flixTests */ = {
			isa = PBXNativeTarget;
			buildConfigurationList = 054ED3F0221FBF9300FF71C3 /* Build configuration list for PBXNativeTarget "assignment1flixTests" */;
			buildPhases = (
				C75166036847BDD9C2450288 /* [CP] Check Pods Manifest.lock */,
				054ED3D5221FBF9300FF71C3 /* Sources */,
				054ED3D6221FBF9300FF71C3 /* Frameworks */,
				054ED3D7221FBF9300FF71C3 /* Resources */,
			);
			buildRules = (
			);
			dependencies = (
				054ED3DB221FBF9300FF71C3 /* PBXTargetDependency */,
			);
			name = assignment1flixTests;
			productName = assignment1flixTests;
			productReference = 054ED3D9221FBF9300FF71C3 /* assignment1flixTests.xctest */;
			productType = "com.apple.product-type.bundle.unit-test";
		};
		054ED3E3221FBF9300FF71C3 /* assignment1flixUITests */ = {
			isa = PBXNativeTarget;
			buildConfigurationList = 054ED3F3221FBF9300FF71C3 /* Build configuration list for PBXNativeTarget "assignment1flixUITests" */;
			buildPhases = (
				6FEF9EF3ABFE2A69B272A7CF /* [CP] Check Pods Manifest.lock */,
				054ED3E0221FBF9300FF71C3 /* Sources */,
				054ED3E1221FBF9300FF71C3 /* Frameworks */,
				054ED3E2221FBF9300FF71C3 /* Resources */,
			);
			buildRules = (
			);
			dependencies = (
				054ED3E6221FBF9300FF71C3 /* PBXTargetDependency */,
			);
			name = assignment1flixUITests;
			productName = assignment1flixUITests;
			productReference = 054ED3E4221FBF9300FF71C3 /* assignment1flixUITests.xctest */;
			productType = "com.apple.product-type.bundle.ui-testing";
		};
/* End PBXNativeTarget section */

/* Begin PBXProject section */
		054ED3BD221FBF9000FF71C3 /* Project object */ = {
			isa = PBXProject;
			attributes = {
				LastSwiftUpdateCheck = 1010;
				LastUpgradeCheck = 1010;
				ORGANIZATIONNAME = dean;
				TargetAttributes = {
					054ED3C4221FBF9000FF71C3 = {
						CreatedOnToolsVersion = 10.1;
					};
					054ED3D8221FBF9300FF71C3 = {
						CreatedOnToolsVersion = 10.1;
						TestTargetID = 054ED3C4221FBF9000FF71C3;
					};
					054ED3E3221FBF9300FF71C3 = {
						CreatedOnToolsVersion = 10.1;
						TestTargetID = 054ED3C4221FBF9000FF71C3;
					};
				};
			};
			buildConfigurationList = 054ED3C0221FBF9000FF71C3 /* Build configuration list for PBXProject "assignment1flix" */;
			compatibilityVersion = "Xcode 9.3";
			developmentRegion = en;
			hasScannedForEncodings = 0;
			knownRegions = (
				en,
				Base,
			);
			mainGroup = 054ED3BC221FBF9000FF71C3;
			productRefGroup = 054ED3C6221FBF9000FF71C3 /* Products */;
			projectDirPath = "";
			projectRoot = "";
			targets = (
				054ED3C4221FBF9000FF71C3 /* assignment1flix */,
				054ED3D8221FBF9300FF71C3 /* assignment1flixTests */,
				054ED3E3221FBF9300FF71C3 /* assignment1flixUITests */,
			);
		};
/* End PBXProject section */

/* Begin PBXResourcesBuildPhase section */
		054ED3C3221FBF9000FF71C3 /* Resources */ = {
			isa = PBXResourcesBuildPhase;
			buildActionMask = 2147483647;
			files = (
				054ED3D3221FBF9300FF71C3 /* LaunchScreen.storyboard in Resources */,
				054ED3D0221FBF9300FF71C3 /* Assets.xcassets in Resources */,
				054ED3CE221FBF9000FF71C3 /* Main.storyboard in Resources */,
			);
			runOnlyForDeploymentPostprocessing = 0;
		};
		054ED3D7221FBF9300FF71C3 /* Resources */ = {
			isa = PBXResourcesBuildPhase;
			buildActionMask = 2147483647;
			files = (
			);
			runOnlyForDeploymentPostprocessing = 0;
		};
		054ED3E2221FBF9300FF71C3 /* Resources */ = {
			isa = PBXResourcesBuildPhase;
			buildActionMask = 2147483647;
			files = (
			);
			runOnlyForDeploymentPostprocessing = 0;
		};
/* End PBXResourcesBuildPhase section */

/* Begin PBXShellScriptBuildPhase section */
		353CDB7A1A8D8F0CC3366136 /* [CP] Embed Pods Frameworks */ = {
			isa = PBXShellScriptBuildPhase;
			buildActionMask = 2147483647;
			files = (
			);
			inputFileListPaths = (
			);
			inputPaths = (
				"${PODS_ROOT}/Target Support Files/Pods-assignment1flix/Pods-assignment1flix-frameworks.sh",
				"${BUILT_PRODUCTS_DIR}/Alamofire/Alamofire.framework",
				"${BUILT_PRODUCTS_DIR}/AlamofireImage/AlamofireImage.framework",
			);
			name = "[CP] Embed Pods Frameworks";
			outputFileListPaths = (
			);
			outputPaths = (
				"${TARGET_BUILD_DIR}/${FRAMEWORKS_FOLDER_PATH}/Alamofire.framework",
				"${TARGET_BUILD_DIR}/${FRAMEWORKS_FOLDER_PATH}/AlamofireImage.framework",
			);
			runOnlyForDeploymentPostprocessing = 0;
			shellPath = /bin/sh;
			shellScript = "\"${PODS_ROOT}/Target Support Files/Pods-assignment1flix/Pods-assignment1flix-frameworks.sh\"\n";
			showEnvVarsInLog = 0;
		};
		6FEF9EF3ABFE2A69B272A7CF /* [CP] Check Pods Manifest.lock */ = {
			isa = PBXShellScriptBuildPhase;
			buildActionMask = 2147483647;
			files = (
			);
			inputFileListPaths = (
			);
			inputPaths = (
				"${PODS_PODFILE_DIR_PATH}/Podfile.lock",
				"${PODS_ROOT}/Manifest.lock",
			);
			name = "[CP] Check Pods Manifest.lock";
			outputFileListPaths = (
			);
			outputPaths = (
				"$(DERIVED_FILE_DIR)/Pods-assignment1flixUITests-checkManifestLockResult.txt",
			);
			runOnlyForDeploymentPostprocessing = 0;
			shellPath = /bin/sh;
			shellScript = "diff \"${PODS_PODFILE_DIR_PATH}/Podfile.lock\" \"${PODS_ROOT}/Manifest.lock\" > /dev/null\nif [ $? != 0 ] ; then\n    # print error to STDERR\n    echo \"error: The sandbox is not in sync with the Podfile.lock. Run 'pod install' or update your CocoaPods installation.\" >&2\n    exit 1\nfi\n# This output is used by Xcode 'outputs' to avoid re-running this script phase.\necho \"SUCCESS\" > \"${SCRIPT_OUTPUT_FILE_0}\"\n";
			showEnvVarsInLog = 0;
		};
		C75166036847BDD9C2450288 /* [CP] Check Pods Manifest.lock */ = {
			isa = PBXShellScriptBuildPhase;
			buildActionMask = 2147483647;
			files = (
			);
			inputFileListPaths = (
			);
			inputPaths = (
				"${PODS_PODFILE_DIR_PATH}/Podfile.lock",
				"${PODS_ROOT}/Manifest.lock",
			);
			name = "[CP] Check Pods Manifest.lock";
			outputFileListPaths = (
			);
			outputPaths = (
				"$(DERIVED_FILE_DIR)/Pods-assignment1flixTests-checkManifestLockResult.txt",
			);
			runOnlyForDeploymentPostprocessing = 0;
			shellPath = /bin/sh;
			shellScript = "diff \"${PODS_PODFILE_DIR_PATH}/Podfile.lock\" \"${PODS_ROOT}/Manifest.lock\" > /dev/null\nif [ $? != 0 ] ; then\n    # print error to STDERR\n    echo \"error: The sandbox is not in sync with the Podfile.lock. Run 'pod install' or update your CocoaPods installation.\" >&2\n    exit 1\nfi\n# This output is used by Xcode 'outputs' to avoid re-running this script phase.\necho \"SUCCESS\" > \"${SCRIPT_OUTPUT_FILE_0}\"\n";
			showEnvVarsInLog = 0;
		};
		E4A4F1F139CD6A79C68804C9 /* [CP] Check Pods Manifest.lock */ = {
			isa = PBXShellScriptBuildPhase;
			buildActionMask = 2147483647;
			files = (
			);
			inputFileListPaths = (
			);
			inputPaths = (
				"${PODS_PODFILE_DIR_PATH}/Podfile.lock",
				"${PODS_ROOT}/Manifest.lock",
			);
			name = "[CP] Check Pods Manifest.lock";
			outputFileListPaths = (
			);
			outputPaths = (
				"$(DERIVED_FILE_DIR)/Pods-assignment1flix-checkManifestLockResult.txt",
			);
			runOnlyForDeploymentPostprocessing = 0;
			shellPath = /bin/sh;
			shellScript = "diff \"${PODS_PODFILE_DIR_PATH}/Podfile.lock\" \"${PODS_ROOT}/Manifest.lock\" > /dev/null\nif [ $? != 0 ] ; then\n    # print error to STDERR\n    echo \"error: The sandbox is not in sync with the Podfile.lock. Run 'pod install' or update your CocoaPods installation.\" >&2\n    exit 1\nfi\n# This output is used by Xcode 'outputs' to avoid re-running this script phase.\necho \"SUCCESS\" > \"${SCRIPT_OUTPUT_FILE_0}\"\n";
			showEnvVarsInLog = 0;
		};
/* End PBXShellScriptBuildPhase section */

/* Begin PBXSourcesBuildPhase section */
		054ED3C1221FBF9000FF71C3 /* Sources */ = {
			isa = PBXSourcesBuildPhase;
			buildActionMask = 2147483647;
			files = (
				A56DCE9C222BA56C00451AA5 /* MovieGridViewController.swift in Sources */,
				A56DCE9A222B489700451AA5 /* MovieDetailsViewController.swift in Sources */,
				A56DCEA2222C850200451AA5 /* movieTrailerViewController.swift in Sources */,
				054ED3CB221FBF9000FF71C3 /* ViewController.swift in Sources */,
				A56DCEA0222C710F00451AA5 /* MovieCollectionViewController.swift in Sources */,
				054ED3C9221FBF9000FF71C3 /* AppDelegate.swift in Sources */,
				A56DCE9E222BB7AE00451AA5 /* MovieGridCell.swift in Sources */,
				054ED3F7221FD36C00FF71C3 /* MovieCell.swift in Sources */,
			);
			runOnlyForDeploymentPostprocessing = 0;
		};
		054ED3D5221FBF9300FF71C3 /* Sources */ = {
			isa = PBXSourcesBuildPhase;
			buildActionMask = 2147483647;
			files = (
				054ED3DE221FBF9300FF71C3 /* assignment1flixTests.swift in Sources */,
			);
			runOnlyForDeploymentPostprocessing = 0;
		};
		054ED3E0221FBF9300FF71C3 /* Sources */ = {
			isa = PBXSourcesBuildPhase;
			buildActionMask = 2147483647;
			files = (
				054ED3E9221FBF9300FF71C3 /* assignment1flixUITests.swift in Sources */,
			);
			runOnlyForDeploymentPostprocessing = 0;
		};
/* End PBXSourcesBuildPhase section */

/* Begin PBXTargetDependency section */
		054ED3DB221FBF9300FF71C3 /* PBXTargetDependency */ = {
			isa = PBXTargetDependency;
			target = 054ED3C4221FBF9000FF71C3 /* assignment1flix */;
			targetProxy = 054ED3DA221FBF9300FF71C3 /* PBXContainerItemProxy */;
		};
		054ED3E6221FBF9300FF71C3 /* PBXTargetDependency */ = {
			isa = PBXTargetDependency;
			target = 054ED3C4221FBF9000FF71C3 /* assignment1flix */;
			targetProxy = 054ED3E5221FBF9300FF71C3 /* PBXContainerItemProxy */;
		};
/* End PBXTargetDependency section */

/* Begin PBXVariantGroup section */
		054ED3CC221FBF9000FF71C3 /* Main.storyboard */ = {
			isa = PBXVariantGroup;
			children = (
				054ED3CD221FBF9000FF71C3 /* Base */,
			);
			name = Main.storyboard;
			sourceTree = "<group>";
		};
		054ED3D1221FBF9300FF71C3 /* LaunchScreen.storyboard */ = {
			isa = PBXVariantGroup;
			children = (
				054ED3D2221FBF9300FF71C3 /* Base */,
			);
			name = LaunchScreen.storyboard;
			sourceTree = "<group>";
		};
/* End PBXVariantGroup section */

/* Begin XCBuildConfiguration section */
		054ED3EB221FBF9300FF71C3 /* Debug */ = {
			isa = XCBuildConfiguration;
			buildSettings = {
				ALWAYS_SEARCH_USER_PATHS = NO;
				CLANG_ANALYZER_NONNULL = YES;
				CLANG_ANALYZER_NUMBER_OBJECT_CONVERSION = YES_AGGRESSIVE;
				CLANG_CXX_LANGUAGE_STANDARD = "gnu++14";
				CLANG_CXX_LIBRARY = "libc++";
				CLANG_ENABLE_MODULES = YES;
				CLANG_ENABLE_OBJC_ARC = YES;
				CLANG_ENABLE_OBJC_WEAK = YES;
				CLANG_WARN_BLOCK_CAPTURE_AUTORELEASING = YES;
				CLANG_WARN_BOOL_CONVERSION = YES;
				CLANG_WARN_COMMA = YES;
				CLANG_WARN_CONSTANT_CONVERSION = YES;
				CLANG_WARN_DEPRECATED_OBJC_IMPLEMENTATIONS = YES;
				CLANG_WARN_DIRECT_OBJC_ISA_USAGE = YES_ERROR;
				CLANG_WARN_DOCUMENTATION_COMMENTS = YES;
				CLANG_WARN_EMPTY_BODY = YES;
				CLANG_WARN_ENUM_CONVERSION = YES;
				CLANG_WARN_INFINITE_RECURSION = YES;
				CLANG_WARN_INT_CONVERSION = YES;
				CLANG_WARN_NON_LITERAL_NULL_CONVERSION = YES;
				CLANG_WARN_OBJC_IMPLICIT_RETAIN_SELF = YES;
				CLANG_WARN_OBJC_LITERAL_CONVERSION = YES;
				CLANG_WARN_OBJC_ROOT_CLASS = YES_ERROR;
				CLANG_WARN_RANGE_LOOP_ANALYSIS = YES;
				CLANG_WARN_STRICT_PROTOTYPES = YES;
				CLANG_WARN_SUSPICIOUS_MOVE = YES;
				CLANG_WARN_UNGUARDED_AVAILABILITY = YES_AGGRESSIVE;
				CLANG_WARN_UNREACHABLE_CODE = YES;
				CLANG_WARN__DUPLICATE_METHOD_MATCH = YES;
				CODE_SIGN_IDENTITY = "iPhone Developer";
				COPY_PHASE_STRIP = NO;
				DEBUG_INFORMATION_FORMAT = dwarf;
				ENABLE_STRICT_OBJC_MSGSEND = YES;
				ENABLE_TESTABILITY = YES;
				GCC_C_LANGUAGE_STANDARD = gnu11;
				GCC_DYNAMIC_NO_PIC = NO;
				GCC_NO_COMMON_BLOCKS = YES;
				GCC_OPTIMIZATION_LEVEL = 0;
				GCC_PREPROCESSOR_DEFINITIONS = (
					"DEBUG=1",
					"$(inherited)",
				);
				GCC_WARN_64_TO_32_BIT_CONVERSION = YES;
				GCC_WARN_ABOUT_RETURN_TYPE = YES_ERROR;
				GCC_WARN_UNDECLARED_SELECTOR = YES;
				GCC_WARN_UNINITIALIZED_AUTOS = YES_AGGRESSIVE;
				GCC_WARN_UNUSED_FUNCTION = YES;
				GCC_WARN_UNUSED_VARIABLE = YES;
				IPHONEOS_DEPLOYMENT_TARGET = 12.1;
				MTL_ENABLE_DEBUG_INFO = INCLUDE_SOURCE;
				MTL_FAST_MATH = YES;
				ONLY_ACTIVE_ARCH = YES;
				SDKROOT = iphoneos;
				SWIFT_ACTIVE_COMPILATION_CONDITIONS = DEBUG;
				SWIFT_OPTIMIZATION_LEVEL = "-Onone";
			};
			name = Debug;
		};
		054ED3EC221FBF9300FF71C3 /* Release */ = {
			isa = XCBuildConfiguration;
			buildSettings = {
				ALWAYS_SEARCH_USER_PATHS = NO;
				CLANG_ANALYZER_NONNULL = YES;
				CLANG_ANALYZER_NUMBER_OBJECT_CONVERSION = YES_AGGRESSIVE;
				CLANG_CXX_LANGUAGE_STANDARD = "gnu++14";
				CLANG_CXX_LIBRARY = "libc++";
				CLANG_ENABLE_MODULES = YES;
				CLANG_ENABLE_OBJC_ARC = YES;
				CLANG_ENABLE_OBJC_WEAK = YES;
				CLANG_WARN_BLOCK_CAPTURE_AUTORELEASING = YES;
				CLANG_WARN_BOOL_CONVERSION = YES;
				CLANG_WARN_COMMA = YES;
				CLANG_WARN_CONSTANT_CONVERSION = YES;
				CLANG_WARN_DEPRECATED_OBJC_IMPLEMENTATIONS = YES;
				CLANG_WARN_DIRECT_OBJC_ISA_USAGE = YES_ERROR;
				CLANG_WARN_DOCUMENTATION_COMMENTS = YES;
				CLANG_WARN_EMPTY_BODY = YES;
				CLANG_WARN_ENUM_CONVERSION = YES;
				CLANG_WARN_INFINITE_RECURSION = YES;
				CLANG_WARN_INT_CONVERSION = YES;
				CLANG_WARN_NON_LITERAL_NULL_CONVERSION = YES;
				CLANG_WARN_OBJC_IMPLICIT_RETAIN_SELF = YES;
				CLANG_WARN_OBJC_LITERAL_CONVERSION = YES;
				CLANG_WARN_OBJC_ROOT_CLASS = YES_ERROR;
				CLANG_WARN_RANGE_LOOP_ANALYSIS = YES;
				CLANG_WARN_STRICT_PROTOTYPES = YES;
				CLANG_WARN_SUSPICIOUS_MOVE = YES;
				CLANG_WARN_UNGUARDED_AVAILABILITY = YES_AGGRESSIVE;
				CLANG_WARN_UNREACHABLE_CODE = YES;
				CLANG_WARN__DUPLICATE_METHOD_MATCH = YES;
				CODE_SIGN_IDENTITY = "iPhone Developer";
				COPY_PHASE_STRIP = NO;
				DEBUG_INFORMATION_FORMAT = "dwarf-with-dsym";
				ENABLE_NS_ASSERTIONS = NO;
				ENABLE_STRICT_OBJC_MSGSEND = YES;
				GCC_C_LANGUAGE_STANDARD = gnu11;
				GCC_NO_COMMON_BLOCKS = YES;
				GCC_WARN_64_TO_32_BIT_CONVERSION = YES;
				GCC_WARN_ABOUT_RETURN_TYPE = YES_ERROR;
				GCC_WARN_UNDECLARED_SELECTOR = YES;
				GCC_WARN_UNINITIALIZED_AUTOS = YES_AGGRESSIVE;
				GCC_WARN_UNUSED_FUNCTION = YES;
				GCC_WARN_UNUSED_VARIABLE = YES;
				IPHONEOS_DEPLOYMENT_TARGET = 12.1;
				MTL_ENABLE_DEBUG_INFO = NO;
				MTL_FAST_MATH = YES;
				SDKROOT = iphoneos;
				SWIFT_COMPILATION_MODE = wholemodule;
				SWIFT_OPTIMIZATION_LEVEL = "-O";
				VALIDATE_PRODUCT = YES;
			};
			name = Release;
		};
		054ED3EE221FBF9300FF71C3 /* Debug */ = {
			isa = XCBuildConfiguration;
			baseConfigurationReference = B125B5AB9DA617E284638938 /* Pods-assignment1flix.debug.xcconfig */;
			buildSettings = {
				ASSETCATALOG_COMPILER_APPICON_NAME = AppIcon;
				CODE_SIGN_STYLE = Automatic;
				DEVELOPMENT_TEAM = AG52VEHRL5;
				INFOPLIST_FILE = assignment1flix/Info.plist;
				IPHONEOS_DEPLOYMENT_TARGET = 12.0;
				LD_RUNPATH_SEARCH_PATHS = (
					"$(inherited)",
					"@executable_path/Frameworks",
				);
				PRODUCT_BUNDLE_IDENTIFIER = com.dean.assignment1flix;
				PRODUCT_NAME = "$(TARGET_NAME)";
				SWIFT_VERSION = 4.2;
				TARGETED_DEVICE_FAMILY = "1,2";
			};
			name = Debug;
		};
		054ED3EF221FBF9300FF71C3 /* Release */ = {
			isa = XCBuildConfiguration;
			baseConfigurationReference = AAD1E4E59B433D603F16DD9B /* Pods-assignment1flix.release.xcconfig */;
			buildSettings = {
				ASSETCATALOG_COMPILER_APPICON_NAME = AppIcon;
				CODE_SIGN_STYLE = Automatic;
				DEVELOPMENT_TEAM = AG52VEHRL5;
				INFOPLIST_FILE = assignment1flix/Info.plist;
				IPHONEOS_DEPLOYMENT_TARGET = 12.0;
				LD_RUNPATH_SEARCH_PATHS = (
					"$(inherited)",
					"@executable_path/Frameworks",
				);
				PRODUCT_BUNDLE_IDENTIFIER = com.dean.assignment1flix;
				PRODUCT_NAME = "$(TARGET_NAME)";
				SWIFT_VERSION = 4.2;
				TARGETED_DEVICE_FAMILY = "1,2";
			};
			name = Release;
		};
		054ED3F1221FBF9300FF71C3 /* Debug */ = {
			isa = XCBuildConfiguration;
			baseConfigurationReference = 1D96305A95A90CAF58908932 /* Pods-assignment1flixTests.debug.xcconfig */;
			buildSettings = {
				ALWAYS_EMBED_SWIFT_STANDARD_LIBRARIES = YES;
				BUNDLE_LOADER = "$(TEST_HOST)";
				CODE_SIGN_STYLE = Automatic;
				DEVELOPMENT_TEAM = AG52VEHRL5;
				INFOPLIST_FILE = assignment1flixTests/Info.plist;
				LD_RUNPATH_SEARCH_PATHS = (
					"$(inherited)",
					"@executable_path/Frameworks",
					"@loader_path/Frameworks",
				);
				PRODUCT_BUNDLE_IDENTIFIER = com.dean.assignment1flixTests;
				PRODUCT_NAME = "$(TARGET_NAME)";
				SWIFT_VERSION = 4.2;
				TARGETED_DEVICE_FAMILY = "1,2";
				TEST_HOST = "$(BUILT_PRODUCTS_DIR)/assignment1flix.app/assignment1flix";
			};
			name = Debug;
		};
		054ED3F2221FBF9300FF71C3 /* Release */ = {
			isa = XCBuildConfiguration;
			baseConfigurationReference = FA1E69FB2D2A1D8723F103D0 /* Pods-assignment1flixTests.release.xcconfig */;
			buildSettings = {
				ALWAYS_EMBED_SWIFT_STANDARD_LIBRARIES = YES;
				BUNDLE_LOADER = "$(TEST_HOST)";
				CODE_SIGN_STYLE = Automatic;
				DEVELOPMENT_TEAM = AG52VEHRL5;
				INFOPLIST_FILE = assignment1flixTests/Info.plist;
				LD_RUNPATH_SEARCH_PATHS = (
					"$(inherited)",
					"@executable_path/Frameworks",
					"@loader_path/Frameworks",
				);
				PRODUCT_BUNDLE_IDENTIFIER = com.dean.assignment1flixTests;
				PRODUCT_NAME = "$(TARGET_NAME)";
				SWIFT_VERSION = 4.2;
				TARGETED_DEVICE_FAMILY = "1,2";
				TEST_HOST = "$(BUILT_PRODUCTS_DIR)/assignment1flix.app/assignment1flix";
			};
			name = Release;
		};
		054ED3F4221FBF9300FF71C3 /* Debug */ = {
			isa = XCBuildConfiguration;
			baseConfigurationReference = 4295CFF2D96E91DC7C2E33B2 /* Pods-assignment1flixUITests.debug.xcconfig */;
			buildSettings = {
				ALWAYS_EMBED_SWIFT_STANDARD_LIBRARIES = YES;
				CODE_SIGN_STYLE = Automatic;
				DEVELOPMENT_TEAM = AG52VEHRL5;
				INFOPLIST_FILE = assignment1flixUITests/Info.plist;
				LD_RUNPATH_SEARCH_PATHS = (
					"$(inherited)",
					"@executable_path/Frameworks",
					"@loader_path/Frameworks",
				);
				PRODUCT_BUNDLE_IDENTIFIER = com.dean.assignment1flixUITests;
				PRODUCT_NAME = "$(TARGET_NAME)";
				SWIFT_VERSION = 4.2;
				TARGETED_DEVICE_FAMILY = "1,2";
				TEST_TARGET_NAME = assignment1flix;
			};
			name = Debug;
		};
		054ED3F5221FBF9300FF71C3 /* Release */ = {
			isa = XCBuildConfiguration;
			baseConfigurationReference = 831C666F619EEE7A051AB955 /* Pods-assignment1flixUITests.release.xcconfig */;
			buildSettings = {
				ALWAYS_EMBED_SWIFT_STANDARD_LIBRARIES = YES;
				CODE_SIGN_STYLE = Automatic;
				DEVELOPMENT_TEAM = AG52VEHRL5;
				INFOPLIST_FILE = assignment1flixUITests/Info.plist;
				LD_RUNPATH_SEARCH_PATHS = (
					"$(inherited)",
					"@executable_path/Frameworks",
					"@loader_path/Frameworks",
				);
				PRODUCT_BUNDLE_IDENTIFIER = com.dean.assignment1flixUITests;
				PRODUCT_NAME = "$(TARGET_NAME)";
				SWIFT_VERSION = 4.2;
				TARGETED_DEVICE_FAMILY = "1,2";
				TEST_TARGET_NAME = assignment1flix;
			};
			name = Release;
		};
/* End XCBuildConfiguration section */

/* Begin XCConfigurationList section */
		054ED3C0221FBF9000FF71C3 /* Build configuration list for PBXProject "assignment1flix" */ = {
			isa = XCConfigurationList;
			buildConfigurations = (
				054ED3EB221FBF9300FF71C3 /* Debug */,
				054ED3EC221FBF9300FF71C3 /* Release */,
			);
			defaultConfigurationIsVisible = 0;
			defaultConfigurationName = Release;
		};
		054ED3ED221FBF9300FF71C3 /* Build configuration list for PBXNativeTarget "assignment1flix" */ = {
			isa = XCConfigurationList;
			buildConfigurations = (
				054ED3EE221FBF9300FF71C3 /* Debug */,
				054ED3EF221FBF9300FF71C3 /* Release */,
			);
			defaultConfigurationIsVisible = 0;
			defaultConfigurationName = Release;
		};
		054ED3F0221FBF9300FF71C3 /* Build configuration list for PBXNativeTarget "assignment1flixTests" */ = {
			isa = XCConfigurationList;
			buildConfigurations = (
				054ED3F1221FBF9300FF71C3 /* Debug */,
				054ED3F2221FBF9300FF71C3 /* Release */,
			);
			defaultConfigurationIsVisible = 0;
			defaultConfigurationName = Release;
		};
		054ED3F3221FBF9300FF71C3 /* Build configuration list for PBXNativeTarget "assignment1flixUITests" */ = {
			isa = XCConfigurationList;
			buildConfigurations = (
				054ED3F4221FBF9300FF71C3 /* Debug */,
				054ED3F5221FBF9300FF71C3 /* Release */,
			);
			defaultConfigurationIsVisible = 0;
			defaultConfigurationName = Release;
		};
/* End XCConfigurationList section */
	};
	rootObject = 054ED3BD221FBF9000FF71C3 /* Project object */;
}
